# THIS IS AN AUTOGENERATED FILE. DO NOT EDIT THIS FILE DIRECTLY.
# yarn lockfile v1


alexa-sdk@^1.0.6:
  version "1.0.6"
  resolved "https://registry.yarnpkg.com/alexa-sdk/-/alexa-sdk-1.0.6.tgz#4d1a8c728de837fbb3bde53e1328d05b8c7ee73b"
  dependencies:
    aws-sdk "^2.4.7"
    i18next "^3.4.1"
    i18next-sprintf-postprocessor "^0.2.2"

aws-sdk@^2.4.7:
  version "2.12.0"
  resolved "https://registry.yarnpkg.com/aws-sdk/-/aws-sdk-2.12.0.tgz#f9ae9f11d458764604ccb4a80e34e3c07a6d7d1b"
  dependencies:
    buffer "4.9.1"
    crypto-browserify "1.0.9"
    jmespath "0.15.0"
    querystring "0.2.0"
    sax "1.1.5"
    url "0.10.3"
    uuid "3.0.0"
    xml2js "0.4.15"
    xmlbuilder "2.6.2"

babel-runtime@^6.3.19, babel-runtime@~6.3.19:
  version "6.3.19"
  resolved "https://registry.yarnpkg.com/babel-runtime/-/babel-runtime-6.3.19.tgz#f2db696c3c8c379881e2a53665e02187074dc681"
  dependencies:
    core-js "^1.2.0"

base64-js@^1.0.2:
  version "1.2.0"
  resolved "https://registry.yarnpkg.com/base64-js/-/base64-js-1.2.0.tgz#a39992d723584811982be5e290bb6a53d86700f1"

buffer@4.9.1:
  version "4.9.1"
  resolved "https://registry.yarnpkg.com/buffer/-/buffer-4.9.1.tgz#6d1bb601b07a4efced97094132093027c95bc298"
  dependencies:
    base64-js "^1.0.2"
    ieee754 "^1.1.4"
    isarray "^1.0.0"

contentful-sdk-core@~2.5.0:
  version "2.5.0"
  resolved "https://registry.yarnpkg.com/contentful-sdk-core/-/contentful-sdk-core-2.5.0.tgz#e1cad6b7660654bb1095b385fd5abc225199273f"
  dependencies:
    babel-runtime "^6.3.19"
    follow-redirects "0.0.7"
    lodash "^4.2.0"
    qs "^6.1.0"

contentful@^3.8.1:
  version "3.8.1"
  resolved "https://registry.yarnpkg.com/contentful/-/contentful-3.8.1.tgz#ba532c0032a165c22a251ce964a7f39d4011c21b"
  dependencies:
    babel-runtime "~6.3.19"
    contentful-sdk-core "~2.5.0"
    json-stringify-safe "~5.0.1"
    lodash "~4.2.0"

core-js@^1.2.0:
  version "1.2.7"
  resolved "https://registry.yarnpkg.com/core-js/-/core-js-1.2.7.tgz#652294c14651db28fa93bd2d5ff2983a4f08c636"

crypto-browserify@1.0.9:
  version "1.0.9"
  resolved "https://registry.yarnpkg.com/crypto-browserify/-/crypto-browserify-1.0.9.tgz#cc5449685dfb85eb11c9828acc7cb87ab5bbfcc0"

debug@^2.2.0:
  version "2.6.1"
  resolved "https://registry.yarnpkg.com/debug/-/debug-2.6.1.tgz#79855090ba2c4e3115cc7d8769491d58f0491351"
  dependencies:
    ms "0.7.2"

follow-redirects@0.0.7:
  version "0.0.7"
  resolved "https://registry.yarnpkg.com/follow-redirects/-/follow-redirects-0.0.7.tgz#34b90bab2a911aa347571da90f22bd36ecd8a919"
  dependencies:
    debug "^2.2.0"
    stream-consume "^0.1.0"

i18next-sprintf-postprocessor@^0.2.2:
  version "0.2.2"
  resolved "https://registry.yarnpkg.com/i18next-sprintf-postprocessor/-/i18next-sprintf-postprocessor-0.2.2.tgz#2e409f1043579382698b6a2da70cdaa551d67ea4"

i18next@^3.4.1:
  version "3.5.2"
  resolved "https://registry.yarnpkg.com/i18next/-/i18next-3.5.2.tgz#930390d5c318ceaa4858b52dd0e40e6b203f9f41"

ieee754@^1.1.4:
  version "1.1.8"
  resolved "https://registry.yarnpkg.com/ieee754/-/ieee754-1.1.8.tgz#be33d40ac10ef1926701f6f08a2d86fbfd1ad3e4"

isarray@^1.0.0:
  version "1.0.0"
  resolved "https://registry.yarnpkg.com/isarray/-/isarray-1.0.0.tgz#bb935d48582cba168c06834957a54a3e07124f11"

jmespath@0.15.0:
  version "0.15.0"
  resolved "https://registry.yarnpkg.com/jmespath/-/jmespath-0.15.0.tgz#a3f222a9aae9f966f5d27c796510e28091764217"

json-stringify-safe@~5.0.1:
  version "5.0.1"
  resolved "https://registry.yarnpkg.com/json-stringify-safe/-/json-stringify-safe-5.0.1.tgz#1296a2d58fd45f19a0f6ce01d65701e2c735b6eb"

lodash@^4.2.0, lodash@~4.2.0:
  version "4.2.1"
  resolved "https://registry.yarnpkg.com/lodash/-/lodash-4.2.1.tgz#171fdcfbbc30d689c544cd18c0529f56de6c1aa9"

lodash@~3.5.0:
  version "3.5.0"
  resolved "https://registry.yarnpkg.com/lodash/-/lodash-3.5.0.tgz#19bb3f4d51278f0b8c818ed145c74ecf9fe40e6d"

ms@0.7.2:
  version "0.7.2"
  resolved "https://registry.yarnpkg.com/ms/-/ms-0.7.2.tgz#ae25cf2512b3885a1d95d7f037868d8431124765"

punycode@1.3.2:
  version "1.3.2"
  resolved "https://registry.yarnpkg.com/punycode/-/punycode-1.3.2.tgz#9653a036fb7c1ee42342f2325cceefea3926c48d"

qs@^6.1.0:
  version "6.3.0"
  resolved "https://registry.yarnpkg.com/qs/-/qs-6.3.0.tgz#f403b264f23bc01228c74131b407f18d5ea5d442"

querystring@0.2.0:
  version "0.2.0"
  resolved "https://registry.yarnpkg.com/querystring/-/querystring-0.2.0.tgz#b209849203bb25df820da756e747005878521620"

sax@1.1.5, sax@>=0.6.0:
  version "1.1.5"
  resolved "https://registry.yarnpkg.com/sax/-/sax-1.1.5.tgz#1da50a8d00cdecd59405659f5ff85349fe773743"

stream-consume@^0.1.0:
  version "0.1.0"
  resolved "https://registry.yarnpkg.com/stream-consume/-/stream-consume-0.1.0.tgz#a41ead1a6d6081ceb79f65b061901b6d8f3d1d0f"

url@0.10.3:
  version "0.10.3"
  resolved "https://registry.yarnpkg.com/url/-/url-0.10.3.tgz#021e4d9c7705f21bbf37d03ceb58767402774c64"
  dependencies:
    punycode "1.3.2"
    querystring "0.2.0"

uuid@3.0.0:
  version "3.0.0"
  resolved "https://registry.yarnpkg.com/uuid/-/uuid-3.0.0.tgz#6728fc0459c450d796a99c31837569bdf672d728"

xml2js@0.4.15:
  version "0.4.15"
  resolved "https://registry.yarnpkg.com/xml2js/-/xml2js-0.4.15.tgz#95cd03ff2dd144ec28bc6273bf2b2890c581ad0c"
  dependencies:
    sax ">=0.6.0"
    xmlbuilder ">=2.4.6"

xmlbuilder@2.6.2, xmlbuilder@>=2.4.6:
  version "2.6.2"
  resolved "https://registry.yarnpkg.com/xmlbuilder/-/xmlbuilder-2.6.2.tgz#f916f6d10d45dc171b1be2e6e673fb6e0cc35d0a"
  dependencies:
    lodash "~3.5.0"
